
Microsoft Visual Studio Solution File, Format Version 12.00
# Visual Studio 14
VisualStudioVersion = 14.0.24720.0
MinimumVisualStudioVersion = 10.0.40219.1
Project("{FAE04EC0-301F-11D3-BF4B-00C04F79EFBC}") = "ContactsApp.Droid", "ContactsApp\ContactsApp.Droid\ContactsApp.Droid.csproj", "{2DA25AFD-2DEF-4BD7-A479-A60CAB58902B}"
EndProject
Project("{FAE04EC0-301F-11D3-BF4B-00C04F79EFBC}") = "ContactsApp.iOS", "ContactsApp\ContactsApp.iOS\ContactsApp.iOS.csproj", "{00839863-84B1-4B5C-8EEA-44FD8E1DEC48}"
EndProject
Project("{FAE04EC0-301F-11D3-BF4B-00C04F79EFBC}") = "ContactsApp.WinPhone", "ContactsApp\ContactsApp.WinPhone\ContactsApp.WinPhone.csproj", "{96124DB7-2880-4DEA-83D2-9D60BC4B9324}"
EndProject
Project("{FAE04EC0-301F-11D3-BF4B-00C04F79EFBC}") = "ContactsApp", "ContactsApp\ContactsApp\ContactsApp.csproj", "{680699E3-48F7-433E-B093-CC0E196FBFC9}"
EndProject
Global
	GlobalSection(SolutionConfigurationPlatforms) = preSolution
		Ad-Hoc|Any CPU = Ad-Hoc|Any CPU
		Ad-Hoc|ARM = Ad-Hoc|ARM
		Ad-Hoc|iPhone = Ad-Hoc|iPhone
		Ad-Hoc|iPhoneSimulator = Ad-Hoc|iPhoneSimulator
		Ad-Hoc|x86 = Ad-Hoc|x86
		AppStore|Any CPU = AppStore|Any CPU
		AppStore|ARM = AppStore|ARM
		AppStore|iPhone = AppStore|iPhone
		AppStore|iPhoneSimulator = AppStore|iPhoneSimulator
		AppStore|x86 = AppStore|x86
		Debug|Any CPU = Debug|Any CPU
		Debug|ARM = Debug|ARM
		Debug|iPhone = Debug|iPhone
		Debug|iPhoneSimulator = Debug|iPhoneSimulator
		Debug|x86 = Debug|x86
		Release|Any CPU = Release|Any CPU
		Release|ARM = Release|ARM
		Release|iPhone = Release|iPhone
		Release|iPhoneSimulator = Release|iPhoneSimulator
		Release|x86 = Release|x86
	EndGlobalSection
	GlobalSection(ProjectConfigurationPlatforms) = postSolution
		{2DA25AFD-2DEF-4BD7-A479-A60CAB58902B}.Ad-Hoc|Any CPU.ActiveCfg = Release|Any CPU
		{2DA25AFD-2DEF-4BD7-A479-A60CAB58902B}.Ad-Hoc|Any CPU.Build.0 = Release|Any CPU
		{2DA25AFD-2DEF-4BD7-A479-A60CAB58902B}.Ad-Hoc|Any CPU.Deploy.0 = Release|Any CPU
		{2DA25AFD-2DEF-4BD7-A479-A60CAB58902B}.Ad-Hoc|ARM.ActiveCfg = Release|Any CPU
		{2DA25AFD-2DEF-4BD7-A479-A60CAB58902B}.Ad-Hoc|ARM.Build.0 = Release|Any CPU
		{2DA25AFD-2DEF-4BD7-A479-A60CAB58902B}.Ad-Hoc|ARM.Deploy.0 = Release|Any CPU
		{2DA25AFD-2DEF-4BD7-A479-A60CAB58902B}.Ad-Hoc|iPhone.ActiveCfg = Release|Any CPU
		{2DA25AFD-2DEF-4BD7-A479-A60CAB58902B}.Ad-Hoc|iPhone.Build.0 = Release|Any CPU
		{2DA25AFD-2DEF-4BD7-A479-A60CAB58902B}.Ad-Hoc|iPhone.Deploy.0 = Release|Any CPU
		{2DA25AFD-2DEF-4BD7-A479-A60CAB58902B}.Ad-Hoc|iPhoneSimulator.ActiveCfg = Release|Any CPU
		{2DA25AFD-2DEF-4BD7-A479-A60CAB58902B}.Ad-Hoc|iPhoneSimulator.Build.0 = Release|Any CPU
		{2DA25AFD-2DEF-4BD7-A479-A60CAB58902B}.Ad-Hoc|iPhoneSimulator.Deploy.0 = Release|Any CPU
		{2DA25AFD-2DEF-4BD7-A479-A60CAB58902B}.Ad-Hoc|x86.ActiveCfg = Release|Any CPU
		{2DA25AFD-2DEF-4BD7-A479-A60CAB58902B}.Ad-Hoc|x86.Build.0 = Release|Any CPU
		{2DA25AFD-2DEF-4BD7-A479-A60CAB58902B}.Ad-Hoc|x86.Deploy.0 = Release|Any CPU
		{2DA25AFD-2DEF-4BD7-A479-A60CAB58902B}.AppStore|Any CPU.ActiveCfg = Release|Any CPU
		{2DA25AFD-2DEF-4BD7-A479-A60CAB58902B}.AppStore|Any CPU.Build.0 = Release|Any CPU
		{2DA25AFD-2DEF-4BD7-A479-A60CAB58902B}.AppStore|Any CPU.Deploy.0 = Release|Any CPU
		{2DA25AFD-2DEF-4BD7-A479-A60CAB58902B}.AppStore|ARM.ActiveCfg = Release|Any CPU
		{2DA25AFD-2DEF-4BD7-A479-A60CAB58902B}.AppStore|ARM.Build.0 = Release|Any CPU
		{2DA25AFD-2DEF-4BD7-A479-A60CAB58902B}.AppStore|ARM.Deploy.0 = Release|Any CPU
		{2DA25AFD-2DEF-4BD7-A479-A60CAB58902B}.AppStore|iPhone.ActiveCfg = Release|Any CPU
		{2DA25AFD-2DEF-4BD7-A479-A60CAB58902B}.AppStore|iPhone.Build.0 = Release|Any CPU
		{2DA25AFD-2DEF-4BD7-A479-A60CAB58902B}.AppStore|iPhone.Deploy.0 = Release|Any CPU
		{2DA25AFD-2DEF-4BD7-A479-A60CAB58902B}.AppStore|iPhoneSimulator.ActiveCfg = Release|Any CPU
		{2DA25AFD-2DEF-4BD7-A479-A60CAB58902B}.AppStore|iPhoneSimulator.Build.0 = Release|Any CPU
		{2DA25AFD-2DEF-4BD7-A479-A60CAB58902B}.AppStore|iPhoneSimulator.Deploy.0 = Release|Any CPU
		{2DA25AFD-2DEF-4BD7-A479-A60CAB58902B}.AppStore|x86.ActiveCfg = Release|Any CPU
		{2DA25AFD-2DEF-4BD7-A479-A60CAB58902B}.AppStore|x86.Build.0 = Release|Any CPU
		{2DA25AFD-2DEF-4BD7-A479-A60CAB58902B}.AppStore|x86.Deploy.0 = Release|Any CPU
		{2DA25AFD-2DEF-4BD7-A479-A60CAB58902B}.Debug|Any CPU.ActiveCfg = Debug|Any CPU
		{2DA25AFD-2DEF-4BD7-A479-A60CAB58902B}.Debug|Any CPU.Build.0 = Debug|Any CPU
		{2DA25AFD-2DEF-4BD7-A479-A60CAB58902B}.Debug|Any CPU.Deploy.0 = Debug|Any CPU
		{2DA25AFD-2DEF-4BD7-A479-A60CAB58902B}.Debug|ARM.ActiveCfg = Debug|Any CPU
		{2DA25AFD-2DEF-4BD7-A479-A60CAB58902B}.Debug|ARM.Build.0 = Debug|Any CPU
		{2DA25AFD-2DEF-4BD7-A479-A60CAB58902B}.Debug|ARM.Deploy.0 = Debug|Any CPU
		{2DA25AFD-2DEF-4BD7-A479-A60CAB58902B}.Debug|iPhone.ActiveCfg = Debug|Any CPU
		{2DA25AFD-2DEF-4BD7-A479-A60CAB58902B}.Debug|iPhone.Build.0 = Debug|Any CPU
		{2DA25AFD-2DEF-4BD7-A479-A60CAB58902B}.Debug|iPhone.Deploy.0 = Debug|Any CPU
		{2DA25AFD-2DEF-4BD7-A479-A60CAB58902B}.Debug|iPhoneSimulator.ActiveCfg = Debug|Any CPU
		{2DA25AFD-2DEF-4BD7-A479-A60CAB58902B}.Debug|iPhoneSimulator.Build.0 = Debug|Any CPU
		{2DA25AFD-2DEF-4BD7-A479-A60CAB58902B}.Debug|iPhoneSimulator.Deploy.0 = Debug|Any CPU
		{2DA25AFD-2DEF-4BD7-A479-A60CAB58902B}.Debug|x86.ActiveCfg = Debug|Any CPU
		{2DA25AFD-2DEF-4BD7-A479-A60CAB58902B}.Debug|x86.Build.0 = Debug|Any CPU
		{2DA25AFD-2DEF-4BD7-A479-A60CAB58902B}.Debug|x86.Deploy.0 = Debug|Any CPU
		{2DA25AFD-2DEF-4BD7-A479-A60CAB58902B}.Release|Any CPU.ActiveCfg = Release|Any CPU
		{2DA25AFD-2DEF-4BD7-A479-A60CAB58902B}.Release|Any CPU.Build.0 = Release|Any CPU
		{2DA25AFD-2DEF-4BD7-A479-A60CAB58902B}.Release|Any CPU.Deploy.0 = Release|Any CPU
		{2DA25AFD-2DEF-4BD7-A479-A60CAB58902B}.Release|ARM.ActiveCfg = Release|Any CPU
		{2DA25AFD-2DEF-4BD7-A479-A60CAB58902B}.Release|ARM.Build.0 = Release|Any CPU
		{2DA25AFD-2DEF-4BD7-A479-A60CAB58902B}.Release|ARM.Deploy.0 = Release|Any CPU
		{2DA25AFD-2DEF-4BD7-A479-A60CAB58902B}.Release|iPhone.ActiveCfg = Release|Any CPU
		{2DA25AFD-2DEF-4BD7-A479-A60CAB58902B}.Release|iPhone.Build.0 = Release|Any CPU
		{2DA25AFD-2DEF-4BD7-A479-A60CAB58902B}.Release|iPhone.Deploy.0 = Release|Any CPU
		{2DA25AFD-2DEF-4BD7-A479-A60CAB58902B}.Release|iPhoneSimulator.ActiveCfg = Release|Any CPU
		{2DA25AFD-2DEF-4BD7-A479-A60CAB58902B}.Release|iPhoneSimulator.Build.0 = Release|Any CPU
		{2DA25AFD-2DEF-4BD7-A479-A60CAB58902B}.Release|iPhoneSimulator.Deploy.0 = Release|Any CPU
		{2DA25AFD-2DEF-4BD7-A479-A60CAB58902B}.Release|x86.ActiveCfg = Release|Any CPU
		{2DA25AFD-2DEF-4BD7-A479-A60CAB58902B}.Release|x86.Build.0 = Release|Any CPU
		{2DA25AFD-2DEF-4BD7-A479-A60CAB58902B}.Release|x86.Deploy.0 = Release|Any CPU
		{00839863-84B1-4B5C-8EEA-44FD8E1DEC48}.Ad-Hoc|Any CPU.ActiveCfg = Ad-Hoc|iPhone
		{00839863-84B1-4B5C-8EEA-44FD8E1DEC48}.Ad-Hoc|ARM.ActiveCfg = Ad-Hoc|iPhone
		{00839863-84B1-4B5C-8EEA-44FD8E1DEC48}.Ad-Hoc|iPhone.ActiveCfg = Ad-Hoc|iPhone
		{00839863-84B1-4B5C-8EEA-44FD8E1DEC48}.Ad-Hoc|iPhone.Build.0 = Ad-Hoc|iPhone
		{00839863-84B1-4B5C-8EEA-44FD8E1DEC48}.Ad-Hoc|iPhoneSimulator.ActiveCfg = Ad-Hoc|iPhoneSimulator
		{00839863-84B1-4B5C-8EEA-44FD8E1DEC48}.Ad-Hoc|iPhoneSimulator.Build.0 = Ad-Hoc|iPhoneSimulator
		{00839863-84B1-4B5C-8EEA-44FD8E1DEC48}.Ad-Hoc|x86.ActiveCfg = Ad-Hoc|iPhone
		{00839863-84B1-4B5C-8EEA-44FD8E1DEC48}.AppStore|Any CPU.ActiveCfg = AppStore|iPhone
		{00839863-84B1-4B5C-8EEA-44FD8E1DEC48}.AppStore|ARM.ActiveCfg = AppStore|iPhone
		{00839863-84B1-4B5C-8EEA-44FD8E1DEC48}.AppStore|iPhone.ActiveCfg = AppStore|iPhone
		{00839863-84B1-4B5C-8EEA-44FD8E1DEC48}.AppStore|iPhone.Build.0 = AppStore|iPhone
		{00839863-84B1-4B5C-8EEA-44FD8E1DEC48}.AppStore|iPhoneSimulator.ActiveCfg = AppStore|iPhoneSimulator
		{00839863-84B1-4B5C-8EEA-44FD8E1DEC48}.AppStore|iPhoneSimulator.Build.0 = AppStore|iPhoneSimulator
		{00839863-84B1-4B5C-8EEA-44FD8E1DEC48}.AppStore|x86.ActiveCfg = AppStore|iPhone
		{00839863-84B1-4B5C-8EEA-44FD8E1DEC48}.Debug|Any CPU.ActiveCfg = Debug|iPhone
		{00839863-84B1-4B5C-8EEA-44FD8E1DEC48}.Debug|ARM.ActiveCfg = Debug|iPhone
		{00839863-84B1-4B5C-8EEA-44FD8E1DEC48}.Debug|iPhone.ActiveCfg = Debug|iPhone
		{00839863-84B1-4B5C-8EEA-44FD8E1DEC48}.Debug|iPhone.Build.0 = Debug|iPhone
		{00839863-84B1-4B5C-8EEA-44FD8E1DEC48}.Debug|iPhoneSimulator.ActiveCfg = Debug|iPhoneSimulator
		{00839863-84B1-4B5C-8EEA-44FD8E1DEC48}.Debug|iPhoneSimulator.Build.0 = Debug|iPhoneSimulator
		{00839863-84B1-4B5C-8EEA-44FD8E1DEC48}.Debug|x86.ActiveCfg = Debug|iPhone
		{00839863-84B1-4B5C-8EEA-44FD8E1DEC48}.Release|Any CPU.ActiveCfg = Release|iPhone
		{00839863-84B1-4B5C-8EEA-44FD8E1DEC48}.Release|ARM.ActiveCfg = Release|iPhone
		{00839863-84B1-4B5C-8EEA-44FD8E1DEC48}.Release|iPhone.ActiveCfg = Release|iPhone
		{00839863-84B1-4B5C-8EEA-44FD8E1DEC48}.Release|iPhone.Build.0 = Release|iPhone
		{00839863-84B1-4B5C-8EEA-44FD8E1DEC48}.Release|iPhoneSimulator.ActiveCfg = Release|iPhoneSimulator
		{00839863-84B1-4B5C-8EEA-44FD8E1DEC48}.Release|iPhoneSimulator.Build.0 = Release|iPhoneSimulator
		{00839863-84B1-4B5C-8EEA-44FD8E1DEC48}.Release|x86.ActiveCfg = Release|iPhone
		{96124DB7-2880-4DEA-83D2-9D60BC4B9324}.Ad-Hoc|Any CPU.ActiveCfg = Release|Any CPU
		{96124DB7-2880-4DEA-83D2-9D60BC4B9324}.Ad-Hoc|Any CPU.Build.0 = Release|Any CPU
		{96124DB7-2880-4DEA-83D2-9D60BC4B9324}.Ad-Hoc|Any CPU.Deploy.0 = Release|Any CPU
		{96124DB7-2880-4DEA-83D2-9D60BC4B9324}.Ad-Hoc|ARM.ActiveCfg = Release|ARM
		{96124DB7-2880-4DEA-83D2-9D60BC4B9324}.Ad-Hoc|ARM.Build.0 = Release|ARM
		{96124DB7-2880-4DEA-83D2-9D60BC4B9324}.Ad-Hoc|ARM.Deploy.0 = Release|ARM
		{96124DB7-2880-4DEA-83D2-9D60BC4B9324}.Ad-Hoc|iPhone.ActiveCfg = Release|Any CPU
		{96124DB7-2880-4DEA-83D2-9D60BC4B9324}.Ad-Hoc|iPhone.Build.0 = Release|Any CPU
		{96124DB7-2880-4DEA-83D2-9D60BC4B9324}.Ad-Hoc|iPhone.Deploy.0 = Release|Any CPU
		{96124DB7-2880-4DEA-83D2-9D60BC4B9324}.Ad-Hoc|iPhoneSimulator.ActiveCfg = Release|Any CPU
		{96124DB7-2880-4DEA-83D2-9D60BC4B9324}.Ad-Hoc|iPhoneSimulator.Build.0 = Release|Any CPU
		{96124DB7-2880-4DEA-83D2-9D60BC4B9324}.Ad-Hoc|iPhoneSimulator.Deploy.0 = Release|Any CPU
		{96124DB7-2880-4DEA-83D2-9D60BC4B9324}.Ad-Hoc|x86.ActiveCfg = Release|x86
		{96124DB7-2880-4DEA-83D2-9D60BC4B9324}.Ad-Hoc|x86.Build.0 = Release|x86
		{96124DB7-2880-4DEA-83D2-9D60BC4B9324}.Ad-Hoc|x86.Deploy.0 = Release|x86
		{96124DB7-2880-4DEA-83D2-9D60BC4B9324}.AppStore|Any CPU.ActiveCfg = Release|Any CPU
		{96124DB7-2880-4DEA-83D2-9D60BC4B9324}.AppStore|Any CPU.Build.0 = Release|Any CPU
		{96124DB7-2880-4DEA-83D2-9D60BC4B9324}.AppStore|Any CPU.Deploy.0 = Release|Any CPU
		{96124DB7-2880-4DEA-83D2-9D60BC4B9324}.AppStore|ARM.ActiveCfg = Release|ARM
		{96124DB7-2880-4DEA-83D2-9D60BC4B9324}.AppStore|ARM.Build.0 = Release|ARM
		{96124DB7-2880-4DEA-83D2-9D60BC4B9324}.AppStore|ARM.Deploy.0 = Release|ARM
		{96124DB7-2880-4DEA-83D2-9D60BC4B9324}.AppStore|iPhone.ActiveCfg = Release|Any CPU
		{96124DB7-2880-4DEA-83D2-9D60BC4B9324}.AppStore|iPhone.Build.0 = Release|Any CPU
		{96124DB7-2880-4DEA-83D2-9D60BC4B9324}.AppStore|iPhone.Deploy.0 = Release|Any CPU
		{96124DB7-2880-4DEA-83D2-9D60BC4B9324}.AppStore|iPhoneSimulator.ActiveCfg = Release|Any CPU
		{96124DB7-2880-4DEA-83D2-9D60BC4B9324}.AppStore|iPhoneSimulator.Build.0 = Release|Any CPU
		{96124DB7-2880-4DEA-83D2-9D60BC4B9324}.AppStore|iPhoneSimulator.Deploy.0 = Release|Any CPU
		{96124DB7-2880-4DEA-83D2-9D60BC4B9324}.AppStore|x86.ActiveCfg = Release|x86
		{96124DB7-2880-4DEA-83D2-9D60BC4B9324}.AppStore|x86.Build.0 = Release|x86
		{96124DB7-2880-4DEA-83D2-9D60BC4B9324}.AppStore|x86.Deploy.0 = Release|x86
		{96124DB7-2880-4DEA-83D2-9D60BC4B9324}.Debug|Any CPU.ActiveCfg = Debug|Any CPU
		{96124DB7-2880-4DEA-83D2-9D60BC4B9324}.Debug|Any CPU.Build.0 = Debug|Any CPU
		{96124DB7-2880-4DEA-83D2-9D60BC4B9324}.Debug|Any CPU.Deploy.0 = Debug|Any CPU
		{96124DB7-2880-4DEA-83D2-9D60BC4B9324}.Debug|ARM.ActiveCfg = Debug|ARM
		{96124DB7-2880-4DEA-83D2-9D60BC4B9324}.Debug|ARM.Build.0 = Debug|ARM
		{96124DB7-2880-4DEA-83D2-9D60BC4B9324}.Debug|ARM.Deploy.0 = Debug|ARM
		{96124DB7-2880-4DEA-83D2-9D60BC4B9324}.Debug|iPhone.ActiveCfg = Debug|Any CPU
		{96124DB7-2880-4DEA-83D2-9D60BC4B9324}.Debug|iPhone.Build.0 = Debug|Any CPU
		{96124DB7-2880-4DEA-83D2-9D60BC4B9324}.Debug|iPhone.Deploy.0 = Debug|Any CPU
		{96124DB7-2880-4DEA-83D2-9D60BC4B9324}.Debug|iPhoneSimulator.ActiveCfg = Debug|Any CPU
		{96124DB7-2880-4DEA-83D2-9D60BC4B9324}.Debug|iPhoneSimulator.Build.0 = Debug|Any CPU
		{96124DB7-2880-4DEA-83D2-9D60BC4B9324}.Debug|iPhoneSimulator.Deploy.0 = Debug|Any CPU
		{96124DB7-2880-4DEA-83D2-9D60BC4B9324}.Debug|x86.ActiveCfg = Debug|x86
		{96124DB7-2880-4DEA-83D2-9D60BC4B9324}.Debug|x86.Build.0 = Debug|x86
		{96124DB7-2880-4DEA-83D2-9D60BC4B9324}.Debug|x86.Deploy.0 = Debug|x86
		{96124DB7-2880-4DEA-83D2-9D60BC4B9324}.Release|Any CPU.ActiveCfg = Release|Any CPU
		{96124DB7-2880-4DEA-83D2-9D60BC4B9324}.Release|Any CPU.Build.0 = Release|Any CPU
		{96124DB7-2880-4DEA-83D2-9D60BC4B9324}.Release|Any CPU.Deploy.0 = Release|Any CPU
		{96124DB7-2880-4DEA-83D2-9D60BC4B9324}.Release|ARM.ActiveCfg = Release|ARM
		{96124DB7-2880-4DEA-83D2-9D60BC4B9324}.Release|ARM.Build.0 = Release|ARM
		{96124DB7-2880-4DEA-83D2-9D60BC4B9324}.Release|ARM.Deploy.0 = Release|ARM
		{96124DB7-2880-4DEA-83D2-9D60BC4B9324}.Release|iPhone.ActiveCfg = Release|Any CPU
		{96124DB7-2880-4DEA-83D2-9D60BC4B9324}.Release|iPhone.Build.0 = Release|Any CPU
		{96124DB7-2880-4DEA-83D2-9D60BC4B9324}.Release|iPhone.Deploy.0 = Release|Any CPU
		{96124DB7-2880-4DEA-83D2-9D60BC4B9324}.Release|iPhoneSimulator.ActiveCfg = Release|Any CPU
		{96124DB7-2880-4DEA-83D2-9D60BC4B9324}.Release|iPhoneSimulator.Build.0 = Release|Any CPU
		{96124DB7-2880-4DEA-83D2-9D60BC4B9324}.Release|iPhoneSimulator.Deploy.0 = Release|Any CPU
		{96124DB7-2880-4DEA-83D2-9D60BC4B9324}.Release|x86.ActiveCfg = Release|x86
		{96124DB7-2880-4DEA-83D2-9D60BC4B9324}.Release|x86.Build.0 = Release|x86
		{96124DB7-2880-4DEA-83D2-9D60BC4B9324}.Release|x86.Deploy.0 = Release|x86
		{680699E3-48F7-433E-B093-CC0E196FBFC9}.Ad-Hoc|Any CPU.ActiveCfg = Release|Any CPU
		{680699E3-48F7-433E-B093-CC0E196FBFC9}.Ad-Hoc|Any CPU.Build.0 = Release|Any CPU
		{680699E3-48F7-433E-B093-CC0E196FBFC9}.Ad-Hoc|ARM.ActiveCfg = Release|Any CPU
		{680699E3-48F7-433E-B093-CC0E196FBFC9}.Ad-Hoc|ARM.Build.0 = Release|Any CPU
		{680699E3-48F7-433E-B093-CC0E196FBFC9}.Ad-Hoc|iPhone.ActiveCfg = Release|Any CPU
		{680699E3-48F7-433E-B093-CC0E196FBFC9}.Ad-Hoc|iPhone.Build.0 = Release|Any CPU
		{680699E3-48F7-433E-B093-CC0E196FBFC9}.Ad-Hoc|iPhoneSimulator.ActiveCfg = Release|Any CPU
		{680699E3-48F7-433E-B093-CC0E196FBFC9}.Ad-Hoc|iPhoneSimulator.Build.0 = Release|Any CPU
		{680699E3-48F7-433E-B093-CC0E196FBFC9}.Ad-Hoc|x86.ActiveCfg = Release|Any CPU
		{680699E3-48F7-433E-B093-CC0E196FBFC9}.Ad-Hoc|x86.Build.0 = Release|Any CPU
		{680699E3-48F7-433E-B093-CC0E196FBFC9}.AppStore|Any CPU.ActiveCfg = Release|Any CPU
		{680699E3-48F7-433E-B093-CC0E196FBFC9}.AppStore|Any CPU.Build.0 = Release|Any CPU
		{680699E3-48F7-433E-B093-CC0E196FBFC9}.AppStore|ARM.ActiveCfg = Release|Any CPU
		{680699E3-48F7-433E-B093-CC0E196FBFC9}.AppStore|ARM.Build.0 = Release|Any CPU
		{680699E3-48F7-433E-B093-CC0E196FBFC9}.AppStore|iPhone.ActiveCfg = Release|Any CPU
		{680699E3-48F7-433E-B093-CC0E196FBFC9}.AppStore|iPhone.Build.0 = Release|Any CPU
		{680699E3-48F7-433E-B093-CC0E196FBFC9}.AppStore|iPhoneSimulator.ActiveCfg = Release|Any CPU
		{680699E3-48F7-433E-B093-CC0E196FBFC9}.AppStore|iPhoneSimulator.Build.0 = Release|Any CPU
		{680699E3-48F7-433E-B093-CC0E196FBFC9}.AppStore|x86.ActiveCfg = Release|Any CPU
		{680699E3-48F7-433E-B093-CC0E196FBFC9}.AppStore|x86.Build.0 = Release|Any CPU
		{680699E3-48F7-433E-B093-CC0E196FBFC9}.Debug|Any CPU.ActiveCfg = Debug|Any CPU
		{680699E3-48F7-433E-B093-CC0E196FBFC9}.Debug|Any CPU.Build.0 = Debug|Any CPU
		{680699E3-48F7-433E-B093-CC0E196FBFC9}.Debug|ARM.ActiveCfg = Debug|Any CPU
		{680699E3-48F7-433E-B093-CC0E196FBFC9}.Debug|ARM.Build.0 = Debug|Any CPU
		{680699E3-48F7-433E-B093-CC0E196FBFC9}.Debug|iPhone.ActiveCfg = Debug|Any CPU
		{680699E3-48F7-433E-B093-CC0E196FBFC9}.Debug|iPhone.Build.0 = Debug|Any CPU
		{680699E3-48F7-433E-B093-CC0E196FBFC9}.Debug|iPhoneSimulator.ActiveCfg = Debug|Any CPU
		{680699E3-48F7-433E-B093-CC0E196FBFC9}.Debug|iPhoneSimulator.Build.0 = Debug|Any CPU
		{680699E3-48F7-433E-B093-CC0E196FBFC9}.Debug|x86.ActiveCfg = Debug|Any CPU
		{680699E3-48F7-433E-B093-CC0E196FBFC9}.Debug|x86.Build.0 = Debug|Any CPU
		{680699E3-48F7-433E-B093-CC0E196FBFC9}.Release|Any CPU.ActiveCfg = Release|Any CPU
		{680699E3-48F7-433E-B093-CC0E196FBFC9}.Release|Any CPU.Build.0 = Release|Any CPU
		{680699E3-48F7-433E-B093-CC0E196FBFC9}.Release|ARM.ActiveCfg = Release|Any CPU
		{680699E3-48F7-433E-B093-CC0E196FBFC9}.Release|ARM.Build.0 = Release|Any CPU
		{680699E3-48F7-433E-B093-CC0E196FBFC9}.Release|iPhone.ActiveCfg = Release|Any CPU
		{680699E3-48F7-433E-B093-CC0E196FBFC9}.Release|iPhone.Build.0 = Release|Any CPU
		{680699E3-48F7-433E-B093-CC0E196FBFC9}.Release|iPhoneSimulator.ActiveCfg = Release|Any CPU
		{680699E3-48F7-433E-B093-CC0E196FBFC9}.Release|iPhoneSimulator.Build.0 = Release|Any CPU
		{680699E3-48F7-433E-B093-CC0E196FBFC9}.Release|x86.ActiveCfg = Release|Any CPU
		{680699E3-48F7-433E-B093-CC0E196FBFC9}.Release|x86.Build.0 = Release|Any CPU
	EndGlobalSection
	GlobalSection(SolutionProperties) = preSolution
		HideSolutionNode = FALSE
	EndGlobalSection
EndGlobal
